
Microsoft Visual Studio Solution File, Format Version 12.00
# Visual Studio 15
VisualStudioVersion = 15.0.26124.0
MinimumVisualStudioVersion = 15.0.26124.0
Project("{FAE04EC0-301F-11D3-BF4B-00C04F79EFBC}") = "Cet.PrinciplesOfDistanceEducation", "Cet.PrinciplesOfDistanceEducation\Cet.PrinciplesOfDistanceEducation.csproj", "{66006BEF-5C2A-4AB8-B769-22B5E6468BD3}"
EndProject
Project("{FAE04EC0-301F-11D3-BF4B-00C04F79EFBC}") = "Cet.PrinciplesOfDistanceEducation.Data", "Cet.PrinciplesOfDistanceEducation.Data\Cet.PrinciplesOfDistanceEducation.Data.csproj", "{99DA94B1-DD3D-41DB-BB85-BDE72EA28E80}"
EndProject
Project("{FAE04EC0-301F-11D3-BF4B-00C04F79EFBC}") = "Cet.PrinciplesOfDistanceEducation.Service", "Cet.PrinciplesOfDistanceEducation.Service\Cet.PrinciplesOfDistanceEducation.Service.csproj", "{F65DA5E6-DDBF-4110-9663-F8E467D2DE9A}"
EndProject
Global
	GlobalSection(SolutionConfigurationPlatforms) = preSolution
		Debug|Any CPU = Debug|Any CPU
		Debug|x64 = Debug|x64
		Debug|x86 = Debug|x86
		Release|Any CPU = Release|Any CPU
		Release|x64 = Release|x64
		Release|x86 = Release|x86
	EndGlobalSection
	GlobalSection(SolutionProperties) = preSolution
		HideSolutionNode = FALSE
	EndGlobalSection
	GlobalSection(ProjectConfigurationPlatforms) = postSolution
		{66006BEF-5C2A-4AB8-B769-22B5E6468BD3}.Debug|Any CPU.ActiveCfg = Debug|Any CPU
		{66006BEF-5C2A-4AB8-B769-22B5E6468BD3}.Debug|Any CPU.Build.0 = Debug|Any CPU
		{66006BEF-5C2A-4AB8-B769-22B5E6468BD3}.Debug|x64.ActiveCfg = Debug|Any CPU
		{66006BEF-5C2A-4AB8-B769-22B5E6468BD3}.Debug|x64.Build.0 = Debug|Any CPU
		{66006BEF-5C2A-4AB8-B769-22B5E6468BD3}.Debug|x86.ActiveCfg = Debug|Any CPU
		{66006BEF-5C2A-4AB8-B769-22B5E6468BD3}.Debug|x86.Build.0 = Debug|Any CPU
		{66006BEF-5C2A-4AB8-B769-22B5E6468BD3}.Release|Any CPU.ActiveCfg = Release|Any CPU
		{66006BEF-5C2A-4AB8-B769-22B5E6468BD3}.Release|Any CPU.Build.0 = Release|Any CPU
		{66006BEF-5C2A-4AB8-B769-22B5E6468BD3}.Release|x64.ActiveCfg = Release|Any CPU
		{66006BEF-5C2A-4AB8-B769-22B5E6468BD3}.Release|x64.Build.0 = Release|Any CPU
		{66006BEF-5C2A-4AB8-B769-22B5E6468BD3}.Release|x86.ActiveCfg = Release|Any CPU
		{66006BEF-5C2A-4AB8-B769-22B5E6468BD3}.Release|x86.Build.0 = Release|Any CPU
		{99DA94B1-DD3D-41DB-BB85-BDE72EA28E80}.Debug|Any CPU.ActiveCfg = Debug|Any CPU
		{99DA94B1-DD3D-41DB-BB85-BDE72EA28E80}.Debug|Any CPU.Build.0 = Debug|Any CPU
		{99DA94B1-DD3D-41DB-BB85-BDE72EA28E80}.Debug|x64.ActiveCfg = Debug|Any CPU
		{99DA94B1-DD3D-41DB-BB85-BDE72EA28E80}.Debug|x64.Build.0 = Debug|Any CPU
		{99DA94B1-DD3D-41DB-BB85-BDE72EA28E80}.Debug|x86.ActiveCfg = Debug|Any CPU
		{99DA94B1-DD3D-41DB-BB85-BDE72EA28E80}.Debug|x86.Build.0 = Debug|Any CPU
		{99DA94B1-DD3D-41DB-BB85-BDE72EA28E80}.Release|Any CPU.ActiveCfg = Release|Any CPU
		{99DA94B1-DD3D-41DB-BB85-BDE72EA28E80}.Release|Any CPU.Build.0 = Release|Any CPU
		{99DA94B1-DD3D-41DB-BB85-BDE72EA28E80}.Release|x64.ActiveCfg = Release|Any CPU
		{99DA94B1-DD3D-41DB-BB85-BDE72EA28E80}.Release|x64.Build.0 = Release|Any CPU
		{99DA94B1-DD3D-41DB-BB85-BDE72EA28E80}.Release|x86.ActiveCfg = Release|Any CPU
		{99DA94B1-DD3D-41DB-BB85-BDE72EA28E80}.Release|x86.Build.0 = Release|Any CPU
		{F65DA5E6-DDBF-4110-9663-F8E467D2DE9A}.Debug|Any CPU.ActiveCfg = Debug|Any CPU
		{F65DA5E6-DDBF-4110-9663-F8E467D2DE9A}.Debug|Any CPU.Build.0 = Debug|Any CPU
		{F65DA5E6-DDBF-4110-9663-F8E467D2DE9A}.Debug|x64.ActiveCfg = Debug|Any CPU
		{F65DA5E6-DDBF-4110-9663-F8E467D2DE9A}.Debug|x64.Build.0 = Debug|Any CPU
		{F65DA5E6-DDBF-4110-9663-F8E467D2DE9A}.Debug|x86.ActiveCfg = Debug|Any CPU
		{F65DA5E6-DDBF-4110-9663-F8E467D2DE9A}.Debug|x86.Build.0 = Debug|Any CPU
		{F65DA5E6-DDBF-4110-9663-F8E467D2DE9A}.Release|Any CPU.ActiveCfg = Release|Any CPU
		{F65DA5E6-DDBF-4110-9663-F8E467D2DE9A}.Release|Any CPU.Build.0 = Release|Any CPU
		{F65DA5E6-DDBF-4110-9663-F8E467D2DE9A}.Release|x64.ActiveCfg = Release|Any CPU
		{F65DA5E6-DDBF-4110-9663-F8E467D2DE9A}.Release|x64.Build.0 = Release|Any CPU
		{F65DA5E6-DDBF-4110-9663-F8E467D2DE9A}.Release|x86.ActiveCfg = Release|Any CPU
		{F65DA5E6-DDBF-4110-9663-F8E467D2DE9A}.Release|x86.Build.0 = Release|Any CPU
	EndGlobalSection
EndGlobal
